schema: '2.0'
stages:
  train_fire_smoke:
    cmd: "uv run python -m training.fire_smoke.train --data datasets/fire_smoke_mixed/data.yaml
      --base-model yolo26n.pt --epochs 50 --imgsz 640 --batch 8 --lr 0.001 --device
      mps --mlflow-uri http://localhost:5001 --name train --resume\n"
    deps:
    - path: datasets/fire_smoke_mixed
      hash: md5
      md5: 5dc3f95f6444363d748c8575827a032d.dir
      size: 4435788827
      nfiles: 59077
    - path: training/fire_smoke/train.py
      hash: md5
      md5: 070ac2848cc38d7b826009a6d389853d
      size: 11903
    params:
      params.yaml:
        train.fire_smoke:
          data: datasets/fire_smoke_mixed/data.yaml
          base_model: yolo26n.pt
          epochs: 50
          imgsz: 640
          batch: 8
          lr: 0.001
          device: mps
          mlflow_uri: http://localhost:5001
          name: train
    outs:
    - path: runs/fire_smoke
      hash: md5
      md5: 19fd1a33b6cdb658afab96e2998bac9c.dir
      size: 55098397
      nfiles: 56
  prepare_intent_dataset:
    cmd: "uv run python -m training.intent_classifier.prepare_dataset --out-dir datasets/intent_classifier
      --massive-locale uk-UA --synthetic-per-class 200 --val-size 0.1 --test-size
      0.1 --seed 42\n"
    deps:
    - path: training/intent_classifier/intents.py
      hash: md5
      md5: a84db0c53fc52399aa6214cd18eb3bdb
      size: 2495
    - path: training/intent_classifier/prepare_dataset.py
      hash: md5
      md5: e0aa418a19c1ed2e98fdb3d61c4e4f6f
      size: 7838
    - path: training/intent_classifier/templates.py
      hash: md5
      md5: 10bc1181be7677093d6773fcd5737788
      size: 12232
    params:
      params.yaml:
        intent_classifier.dataset:
          massive_locale: uk-UA
          synthetic_per_class: 200
          val_size: 0.1
          test_size: 0.1
          seed: 42
    outs:
    - path: datasets/intent_classifier/stats.json
      hash: md5
      md5: 1fde800b48e050068023a34d4a07522b
      size: 483
    - path: datasets/intent_classifier/test.jsonl
      hash: md5
      md5: 66fd69f115e72eeda3c247cc3a45eaad
      size: 21604
    - path: datasets/intent_classifier/train.jsonl
      hash: md5
      md5: b99c6ccf9b9182fabc0d31c085484527
      size: 171490
    - path: datasets/intent_classifier/val.jsonl
      hash: md5
      md5: be1f2925d1cc4db5d2917940c7c697c8
      size: 21443
  train_intent_classifier:
    cmd: "uv run python -m training.intent_classifier.train --data-dir datasets/intent_classifier
      --out-dir models/intent_classifier --base-model intfloat/multilingual-e5-small
      --num-iterations 20 --num-epochs 1 --batch-size 16 --learning-rate 2e-05 --mlflow-uri
      http://localhost:5001\n"
    deps:
    - path: datasets/intent_classifier/test.jsonl
      hash: md5
      md5: 66fd69f115e72eeda3c247cc3a45eaad
      size: 21604
    - path: datasets/intent_classifier/train.jsonl
      hash: md5
      md5: b99c6ccf9b9182fabc0d31c085484527
      size: 171490
    - path: datasets/intent_classifier/val.jsonl
      hash: md5
      md5: be1f2925d1cc4db5d2917940c7c697c8
      size: 21443
    - path: training/intent_classifier/intents.py
      hash: md5
      md5: a84db0c53fc52399aa6214cd18eb3bdb
      size: 2495
    - path: training/intent_classifier/train.py
      hash: md5
      md5: 262bbc1e09d43ef2bca89ecae38b6e1e
      size: 7423
    params:
      params.yaml:
        intent_classifier.train:
          base_model: intfloat/multilingual-e5-small
          num_iterations: 20
          num_epochs: 1
          batch_size: 16
          learning_rate: 2e-05
          mlflow_uri: http://localhost:5001
    outs:
    - path: models/intent_classifier/checkpoint
      hash: md5
      md5: bfe59ed9fcdb865b627e7b4b6dc205c7.dir
      size: 487786308
      nfiles: 12
    - path: models/intent_classifier/metadata.json
      hash: md5
      md5: b4c32e94d25253a53708ccc6523b4c15
      size: 624
    - path: reports/intent_classifier_metrics.json
      hash: md5
      md5: 206b7b15f0f332bfa9447f00872ab5ac
      size: 157
  export_intent_onnx:
    cmd: "uv run python -m training.intent_classifier.convert_to_onnx --checkpoint
      models/intent_classifier/checkpoint --out-dir models/intent_classifier\n"
    deps:
    - path: models/intent_classifier/checkpoint
      hash: md5
      md5: bfe59ed9fcdb865b627e7b4b6dc205c7.dir
      size: 487786308
      nfiles: 12
    - path: training/intent_classifier/convert_to_onnx.py
      hash: md5
      md5: d4e34d88aebea3a40c8e4ac6e2fed909
      size: 5204
    outs:
    - path: models/intent_classifier/classifier_head.npz
      hash: md5
      md5: 16aeae69be3f55a42d56b796206b5c81
      size: 23612
    - path: models/intent_classifier/model.int8.onnx
      hash: md5
      md5: 6a12908459b382af3d791fa58a1017cc
      size: 118086323
    - path: models/intent_classifier/tokenizer
      hash: md5
      md5: 7cecbba3a55a3c59f2b513f4dcb79d8d.dir
      size: 17085416
      nfiles: 3
